// !$*UTF8*$!
{
	archiveVersion = 1;
	classes = {
	};
	objectVersion = 46;
	objects = {

/* Begin PBXBuildFile section */
		C4534B021CBF6598001C5EDD /* UIScrollView+EmptyDataSet.m in Sources */ = {isa = PBXBuildFile; fileRef = C4534AFF1CBF6598001C5EDD /* UIScrollView+EmptyDataSet.m */; };
		C4534B031CBF6598001C5EDD /* XCTableView.m in Sources */ = {isa = PBXBuildFile; fileRef = C4534B011CBF6598001C5EDD /* XCTableView.m */; };
		C4534B061CBF6709001C5EDD /* XCTableViewController.m in Sources */ = {isa = PBXBuildFile; fileRef = C4534B051CBF6709001C5EDD /* XCTableViewController.m */; };
		C4534B0B1CBF686A001C5EDD /* ownerAuth_page3_img@2x.png in Resources */ = {isa = PBXBuildFile; fileRef = C4534B081CBF686A001C5EDD /* ownerAuth_page3_img@2x.png */; };
		C4534B0C1CBF686A001C5EDD /* ownerAuth_page3_img@3x.png in Resources */ = {isa = PBXBuildFile; fileRef = C4534B091CBF686A001C5EDD /* ownerAuth_page3_img@3x.png */; };
		C4534B0D1CBF686A001C5EDD /* ownerAuthbg@3x.png in Resources */ = {isa = PBXBuildFile; fileRef = C4534B0A1CBF686A001C5EDD /* ownerAuthbg@3x.png */; };
		C4F5AB2C1CBDEE0200906324 /* main.m in Sources */ = {isa = PBXBuildFile; fileRef = C4F5AB2B1CBDEE0200906324 /* main.m */; };
		C4F5AB2F1CBDEE0200906324 /* AppDelegate.m in Sources */ = {isa = PBXBuildFile; fileRef = C4F5AB2E1CBDEE0200906324 /* AppDelegate.m */; };
		C4F5AB321CBDEE0200906324 /* ViewController.m in Sources */ = {isa = PBXBuildFile; fileRef = C4F5AB311CBDEE0200906324 /* ViewController.m */; };
		C4F5AB351CBDEE0200906324 /* Main.storyboard in Resources */ = {isa = PBXBuildFile; fileRef = C4F5AB331CBDEE0200906324 /* Main.storyboard */; };
		C4F5AB371CBDEE0200906324 /* Assets.xcassets in Resources */ = {isa = PBXBuildFile; fileRef = C4F5AB361CBDEE0200906324 /* Assets.xcassets */; };
		C4F5AB3A1CBDEE0200906324 /* LaunchScreen.storyboard in Resources */ = {isa = PBXBuildFile; fileRef = C4F5AB381CBDEE0200906324 /* LaunchScreen.storyboard */; };
		C4F5AB451CBDEE0200906324 /* XCCollated_iOSTests.m in Sources */ = {isa = PBXBuildFile; fileRef = C4F5AB441CBDEE0200906324 /* XCCollated_iOSTests.m */; };
		C4F5AB501CBDEE0200906324 /* XCCollated_iOSUITests.m in Sources */ = {isa = PBXBuildFile; fileRef = C4F5AB4F1CBDEE0200906324 /* XCCollated_iOSUITests.m */; };
		C4F5AB601CBE1F5600906324 /* XCPickerViewController.m in Sources */ = {isa = PBXBuildFile; fileRef = C4F5AB5F1CBE1F5600906324 /* XCPickerViewController.m */; };
		C4F5AB651CBE207E00906324 /* XCPickerView.m in Sources */ = {isa = PBXBuildFile; fileRef = C4F5AB641CBE207E00906324 /* XCPickerView.m */; };
		F1884AD9D314572001414998 /* libPods.a in Frameworks */ = {isa = PBXBuildFile; fileRef = CDBB20579BFF62934D1BF56B /* libPods.a */; };
/* End PBXBuildFile section */

/* Begin PBXContainerItemProxy section */
		C4F5AB411CBDEE0200906324 /* PBXContainerItemProxy */ = {
			isa = PBXContainerItemProxy;
			containerPortal = C4F5AB1F1CBDEE0200906324 /* Project object */;
			proxyType = 1;
			remoteGlobalIDString = C4F5AB261CBDEE0200906324;
			remoteInfo = "XCCollated-iOS";
		};
		C4F5AB4C1CBDEE0200906324 /* PBXContainerItemProxy */ = {
			isa = PBXContainerItemProxy;
			containerPortal = C4F5AB1F1CBDEE0200906324 /* Project object */;
			proxyType = 1;
			remoteGlobalIDString = C4F5AB261CBDEE0200906324;
			remoteInfo = "XCCollated-iOS";
		};
/* End PBXContainerItemProxy section */

/* Begin PBXFileReference section */
		57929E57E461F2BFEBA823AF /* Pods.debug.xcconfig */ = {isa = PBXFileReference; includeInIndex = 1; lastKnownFileType = text.xcconfig; name = Pods.debug.xcconfig; path = "Pods/Target Support Files/Pods/Pods.debug.xcconfig"; sourceTree = "<group>"; };
		5E4D187D329AC3E92B71A84E /* Pods.release.xcconfig */ = {isa = PBXFileReference; includeInIndex = 1; lastKnownFileType = text.xcconfig; name = Pods.release.xcconfig; path = "Pods/Target Support Files/Pods/Pods.release.xcconfig"; sourceTree = "<group>"; };
		C4534AFE1CBF6598001C5EDD /* UIScrollView+EmptyDataSet.h */ = {isa = PBXFileReference; fileEncoding = 4; lastKnownFileType = sourcecode.c.h; path = "UIScrollView+EmptyDataSet.h"; sourceTree = "<group>"; };
		C4534AFF1CBF6598001C5EDD /* UIScrollView+EmptyDataSet.m */ = {isa = PBXFileReference; fileEncoding = 4; lastKnownFileType = sourcecode.c.objc; path = "UIScrollView+EmptyDataSet.m"; sourceTree = "<group>"; };
		C4534B001CBF6598001C5EDD /* XCTableView.h */ = {isa = PBXFileReference; fileEncoding = 4; lastKnownFileType = sourcecode.c.h; path = XCTableView.h; sourceTree = "<group>"; };
		C4534B011CBF6598001C5EDD /* XCTableView.m */ = {isa = PBXFileReference; fileEncoding = 4; lastKnownFileType = sourcecode.c.objc; path = XCTableView.m; sourceTree = "<group>"; };
		C4534B041CBF6709001C5EDD /* XCTableViewController.h */ = {isa = PBXFileReference; fileEncoding = 4; lastKnownFileType = sourcecode.c.h; path = XCTableViewController.h; sourceTree = "<group>"; };
		C4534B051CBF6709001C5EDD /* XCTableViewController.m */ = {isa = PBXFileReference; fileEncoding = 4; lastKnownFileType = sourcecode.c.objc; path = XCTableViewController.m; sourceTree = "<group>"; };
		C4534B081CBF686A001C5EDD /* ownerAuth_page3_img@2x.png */ = {isa = PBXFileReference; lastKnownFileType = image.png; path = "ownerAuth_page3_img@2x.png"; sourceTree = "<group>"; };
		C4534B091CBF686A001C5EDD /* ownerAuth_page3_img@3x.png */ = {isa = PBXFileReference; lastKnownFileType = image.png; path = "ownerAuth_page3_img@3x.png"; sourceTree = "<group>"; };
		C4534B0A1CBF686A001C5EDD /* ownerAuthbg@3x.png */ = {isa = PBXFileReference; lastKnownFileType = image.png; path = "ownerAuthbg@3x.png"; sourceTree = "<group>"; };
		C4F5AB271CBDEE0200906324 /* XCCollated-iOS.app */ = {isa = PBXFileReference; explicitFileType = wrapper.application; includeInIndex = 0; path = "XCCollated-iOS.app"; sourceTree = BUILT_PRODUCTS_DIR; };
		C4F5AB2B1CBDEE0200906324 /* main.m */ = {isa = PBXFileReference; lastKnownFileType = sourcecode.c.objc; path = main.m; sourceTree = "<group>"; };
		C4F5AB2D1CBDEE0200906324 /* AppDelegate.h */ = {isa = PBXFileReference; lastKnownFileType = sourcecode.c.h; path = AppDelegate.h; sourceTree = "<group>"; };
		C4F5AB2E1CBDEE0200906324 /* AppDelegate.m */ = {isa = PBXFileReference; lastKnownFileType = sourcecode.c.objc; path = AppDelegate.m; sourceTree = "<group>"; };
		C4F5AB301CBDEE0200906324 /* ViewController.h */ = {isa = PBXFileReference; lastKnownFileType = sourcecode.c.h; path = ViewController.h; sourceTree = "<group>"; };
		C4F5AB311CBDEE0200906324 /* ViewController.m */ = {isa = PBXFileReference; lastKnownFileType = sourcecode.c.objc; path = ViewController.m; sourceTree = "<group>"; };
		C4F5AB341CBDEE0200906324 /* Base */ = {isa = PBXFileReference; lastKnownFileType = file.storyboard; name = Base; path = Base.lproj/Main.storyboard; sourceTree = "<group>"; };
		C4F5AB361CBDEE0200906324 /* Assets.xcassets */ = {isa = PBXFileReference; lastKnownFileType = folder.assetcatalog; path = Assets.xcassets; sourceTree = "<group>"; };
		C4F5AB391CBDEE0200906324 /* Base */ = {isa = PBXFileReference; lastKnownFileType = file.storyboard; name = Base; path = Base.lproj/LaunchScreen.storyboard; sourceTree = "<group>"; };
		C4F5AB3B1CBDEE0200906324 /* Info.plist */ = {isa = PBXFileReference; lastKnownFileType = text.plist.xml; path = Info.plist; sourceTree = "<group>"; };
		C4F5AB401CBDEE0200906324 /* XCCollated-iOSTests.xctest */ = {isa = PBXFileReference; explicitFileType = wrapper.cfbundle; includeInIndex = 0; path = "XCCollated-iOSTests.xctest"; sourceTree = BUILT_PRODUCTS_DIR; };
		C4F5AB441CBDEE0200906324 /* XCCollated_iOSTests.m */ = {isa = PBXFileReference; lastKnownFileType = sourcecode.c.objc; path = XCCollated_iOSTests.m; sourceTree = "<group>"; };
		C4F5AB461CBDEE0200906324 /* Info.plist */ = {isa = PBXFileReference; lastKnownFileType = text.plist.xml; path = Info.plist; sourceTree = "<group>"; };
		C4F5AB4B1CBDEE0200906324 /* XCCollated-iOSUITests.xctest */ = {isa = PBXFileReference; explicitFileType = wrapper.cfbundle; includeInIndex = 0; path = "XCCollated-iOSUITests.xctest"; sourceTree = BUILT_PRODUCTS_DIR; };
		C4F5AB4F1CBDEE0200906324 /* XCCollated_iOSUITests.m */ = {isa = PBXFileReference; lastKnownFileType = sourcecode.c.objc; path = XCCollated_iOSUITests.m; sourceTree = "<group>"; };
		C4F5AB511CBDEE0200906324 /* Info.plist */ = {isa = PBXFileReference; lastKnownFileType = text.plist.xml; path = Info.plist; sourceTree = "<group>"; };
		C4F5AB5E1CBE1F5600906324 /* XCPickerViewController.h */ = {isa = PBXFileReference; fileEncoding = 4; lastKnownFileType = sourcecode.c.h; path = XCPickerViewController.h; sourceTree = "<group>"; };
		C4F5AB5F1CBE1F5600906324 /* XCPickerViewController.m */ = {isa = PBXFileReference; fileEncoding = 4; lastKnownFileType = sourcecode.c.objc; path = XCPickerViewController.m; sourceTree = "<group>"; };
		C4F5AB631CBE207E00906324 /* XCPickerView.h */ = {isa = PBXFileReference; fileEncoding = 4; lastKnownFileType = sourcecode.c.h; path = XCPickerView.h; sourceTree = "<group>"; };
		C4F5AB641CBE207E00906324 /* XCPickerView.m */ = {isa = PBXFileReference; fileEncoding = 4; lastKnownFileType = sourcecode.c.objc; path = XCPickerView.m; sourceTree = "<group>"; };
		C4F5AB661CBE214000906324 /* XCDefine.h */ = {isa = PBXFileReference; lastKnownFileType = sourcecode.c.h; path = XCDefine.h; sourceTree = "<group>"; };
		C4F5AB671CBE238700906324 /* XCHeader.h */ = {isa = PBXFileReference; lastKnownFileType = sourcecode.c.h; path = XCHeader.h; sourceTree = "<group>"; };
		CDBB20579BFF62934D1BF56B /* libPods.a */ = {isa = PBXFileReference; explicitFileType = archive.ar; includeInIndex = 0; path = libPods.a; sourceTree = BUILT_PRODUCTS_DIR; };
/* End PBXFileReference section */

/* Begin PBXFrameworksBuildPhase section */
		C4F5AB241CBDEE0200906324 /* Frameworks */ = {
			isa = PBXFrameworksBuildPhase;
			buildActionMask = 2147483647;
			files = (
				F1884AD9D314572001414998 /* libPods.a in Frameworks */,
			);
			runOnlyForDeploymentPostprocessing = 0;
		};
		C4F5AB3D1CBDEE0200906324 /* Frameworks */ = {
			isa = PBXFrameworksBuildPhase;
			buildActionMask = 2147483647;
			files = (
			);
			runOnlyForDeploymentPostprocessing = 0;
		};
		C4F5AB481CBDEE0200906324 /* Frameworks */ = {
			isa = PBXFrameworksBuildPhase;
			buildActionMask = 2147483647;
			files = (
			);
			runOnlyForDeploymentPostprocessing = 0;
		};
/* End PBXFrameworksBuildPhase section */

/* Begin PBXGroup section */
		3FB5383DF4128F6A6E1D4AEE /* Frameworks */ = {
			isa = PBXGroup;
			children = (
				CDBB20579BFF62934D1BF56B /* libPods.a */,
			);
			name = Frameworks;
			sourceTree = "<group>";
		};
		8B1CC09E788EFC9F298160BB /* Pods */ = {
			isa = PBXGroup;
			children = (
				57929E57E461F2BFEBA823AF /* Pods.debug.xcconfig */,
				5E4D187D329AC3E92B71A84E /* Pods.release.xcconfig */,
			);
			name = Pods;
			sourceTree = "<group>";
		};
		C4534AFD1CBF6598001C5EDD /* XCTableView */ = {
			isa = PBXGroup;
			children = (
				C4534AFE1CBF6598001C5EDD /* UIScrollView+EmptyDataSet.h */,
				C4534AFF1CBF6598001C5EDD /* UIScrollView+EmptyDataSet.m */,
				C4534B001CBF6598001C5EDD /* XCTableView.h */,
				C4534B011CBF6598001C5EDD /* XCTableView.m */,
			);
			path = XCTableView;
			sourceTree = "<group>";
		};
		C4534B071CBF6860001C5EDD /* picShource */ = {
			isa = PBXGroup;
			children = (
				C4534B081CBF686A001C5EDD /* ownerAuth_page3_img@2x.png */,
				C4534B091CBF686A001C5EDD /* ownerAuth_page3_img@3x.png */,
				C4534B0A1CBF686A001C5EDD /* ownerAuthbg@3x.png */,
			);
			path = picShource;
			sourceTree = "<group>";
		};
		C4F5AB1E1CBDEE0200906324 = {
			isa = PBXGroup;
			children = (
				C4F5AB291CBDEE0200906324 /* XCCollated-iOS */,
				C4F5AB431CBDEE0200906324 /* XCCollated-iOSTests */,
				C4F5AB4E1CBDEE0200906324 /* XCCollated-iOSUITests */,
				C4F5AB281CBDEE0200906324 /* Products */,
				8B1CC09E788EFC9F298160BB /* Pods */,
				3FB5383DF4128F6A6E1D4AEE /* Frameworks */,
			);
			sourceTree = "<group>";
		};
		C4F5AB281CBDEE0200906324 /* Products */ = {
			isa = PBXGroup;
			children = (
				C4F5AB271CBDEE0200906324 /* XCCollated-iOS.app */,
				C4F5AB401CBDEE0200906324 /* XCCollated-iOSTests.xctest */,
				C4F5AB4B1CBDEE0200906324 /* XCCollated-iOSUITests.xctest */,
			);
			name = Products;
			sourceTree = "<group>";
		};
		C4F5AB291CBDEE0200906324 /* XCCollated-iOS */ = {
			isa = PBXGroup;
			children = (
				C4F5AB2D1CBDEE0200906324 /* AppDelegate.h */,
				C4F5AB2E1CBDEE0200906324 /* AppDelegate.m */,
				C4F5AB301CBDEE0200906324 /* ViewController.h */,
				C4F5AB311CBDEE0200906324 /* ViewController.m */,
				C4F5AB331CBDEE0200906324 /* Main.storyboard */,
				C4534B071CBF6860001C5EDD /* picShource */,
				C4F5AB611CBE204600906324 /* Libraries */,
				C4F5AB621CBE204600906324 /* Tools */,
				C4F5AB5D1CBE1F2B00906324 /* ViewController */,
				C4F5AB2A1CBDEE0200906324 /* Supporting Files */,
			);
			path = "XCCollated-iOS";
			sourceTree = "<group>";
		};
		C4F5AB2A1CBDEE0200906324 /* Supporting Files */ = {
			isa = PBXGroup;
			children = (
				C4F5AB361CBDEE0200906324 /* Assets.xcassets */,
				C4F5AB381CBDEE0200906324 /* LaunchScreen.storyboard */,
				C4F5AB3B1CBDEE0200906324 /* Info.plist */,
				C4F5AB2B1CBDEE0200906324 /* main.m */,
			);
			name = "Supporting Files";
			sourceTree = "<group>";
		};
		C4F5AB431CBDEE0200906324 /* XCCollated-iOSTests */ = {
			isa = PBXGroup;
			children = (
				C4F5AB441CBDEE0200906324 /* XCCollated_iOSTests.m */,
				C4F5AB461CBDEE0200906324 /* Info.plist */,
			);
			path = "XCCollated-iOSTests";
			sourceTree = "<group>";
		};
		C4F5AB4E1CBDEE0200906324 /* XCCollated-iOSUITests */ = {
			isa = PBXGroup;
			children = (
				C4F5AB4F1CBDEE0200906324 /* XCCollated_iOSUITests.m */,
				C4F5AB511CBDEE0200906324 /* Info.plist */,
			);
			path = "XCCollated-iOSUITests";
			sourceTree = "<group>";
		};
		C4F5AB5D1CBE1F2B00906324 /* ViewController */ = {
			isa = PBXGroup;
			children = (
				C4F5AB5E1CBE1F5600906324 /* XCPickerViewController.h */,
				C4F5AB5F1CBE1F5600906324 /* XCPickerViewController.m */,
				C4534B041CBF6709001C5EDD /* XCTableViewController.h */,
				C4534B051CBF6709001C5EDD /* XCTableViewController.m */,
			);
			path = ViewController;
			sourceTree = "<group>";
		};
		C4F5AB611CBE204600906324 /* Libraries */ = {
			isa = PBXGroup;
			children = (
				C4F5AB631CBE207E00906324 /* XCPickerView.h */,
				C4F5AB641CBE207E00906324 /* XCPickerView.m */,
				C4534AFD1CBF6598001C5EDD /* XCTableView */,
			);
			path = Libraries;
			sourceTree = "<group>";
		};
		C4F5AB621CBE204600906324 /* Tools */ = {
			isa = PBXGroup;
			children = (
				C4F5AB661CBE214000906324 /* XCDefine.h */,
				C4F5AB671CBE238700906324 /* XCHeader.h */,
			);
			path = Tools;
			sourceTree = "<group>";
		};
/* End PBXGroup section */

/* Begin PBXNativeTarget section */
		C4F5AB261CBDEE0200906324 /* XCCollated-iOS */ = {
			isa = PBXNativeTarget;
			buildConfigurationList = C4F5AB541CBDEE0200906324 /* Build configuration list for PBXNativeTarget "XCCollated-iOS" */;
			buildPhases = (
				AD257C781205714790298CD0 /* Check Pods Manifest.lock */,
				C4F5AB231CBDEE0200906324 /* Sources */,
				C4F5AB241CBDEE0200906324 /* Frameworks */,
				C4F5AB251CBDEE0200906324 /* Resources */,
				168EAB4C15096BAC809F4B28 /* Embed Pods Frameworks */,
				0DDDD2FEE3B33BAAEEE1EACB /* Copy Pods Resources */,
			);
			buildRules = (
			);
			dependencies = (
			);
			name = "XCCollated-iOS";
			productName = "XCCollated-iOS";
			productReference = C4F5AB271CBDEE0200906324 /* XCCollated-iOS.app */;
			productType = "com.apple.product-type.application";
		};
		C4F5AB3F1CBDEE0200906324 /* XCCollated-iOSTests */ = {
			isa = PBXNativeTarget;
			buildConfigurationList = C4F5AB571CBDEE0200906324 /* Build configuration list for PBXNativeTarget "XCCollated-iOSTests" */;
			buildPhases = (
				C4F5AB3C1CBDEE0200906324 /* Sources */,
				C4F5AB3D1CBDEE0200906324 /* Frameworks */,
				C4F5AB3E1CBDEE0200906324 /* Resources */,
			);
			buildRules = (
			);
			dependencies = (
				C4F5AB421CBDEE0200906324 /* PBXTargetDependency */,
			);
			name = "XCCollated-iOSTests";
			productName = "XCCollated-iOSTests";
			productReference = C4F5AB401CBDEE0200906324 /* XCCollated-iOSTests.xctest */;
			productType = "com.apple.product-type.bundle.unit-test";
		};
		C4F5AB4A1CBDEE0200906324 /* XCCollated-iOSUITests */ = {
			isa = PBXNativeTarget;
			buildConfigurationList = C4F5AB5A1CBDEE0200906324 /* Build configuration list for PBXNativeTarget "XCCollated-iOSUITests" */;
			buildPhases = (
				C4F5AB471CBDEE0200906324 /* Sources */,
				C4F5AB481CBDEE0200906324 /* Frameworks */,
				C4F5AB491CBDEE0200906324 /* Resources */,
			);
			buildRules = (
			);
			dependencies = (
				C4F5AB4D1CBDEE0200906324 /* PBXTargetDependency */,
			);
			name = "XCCollated-iOSUITests";
			productName = "XCCollated-iOSUITests";
			productReference = C4F5AB4B1CBDEE0200906324 /* XCCollated-iOSUITests.xctest */;
			productType = "com.apple.product-type.bundle.ui-testing";
		};
/* End PBXNativeTarget section */

/* Begin PBXProject section */
		C4F5AB1F1CBDEE0200906324 /* Project object */ = {
			isa = PBXProject;
			attributes = {
				LastUpgradeCheck = 0730;
				ORGANIZATIONNAME = Chaos;
				TargetAttributes = {
					C4F5AB261CBDEE0200906324 = {
						CreatedOnToolsVersion = 7.3;
					};
					C4F5AB3F1CBDEE0200906324 = {
						CreatedOnToolsVersion = 7.3;
						TestTargetID = C4F5AB261CBDEE0200906324;
					};
					C4F5AB4A1CBDEE0200906324 = {
						CreatedOnToolsVersion = 7.3;
						TestTargetID = C4F5AB261CBDEE0200906324;
					};
				};
			};
			buildConfigurationList = C4F5AB221CBDEE0200906324 /* Build configuration list for PBXProject "XCCollated-iOS" */;
			compatibilityVersion = "Xcode 3.2";
			developmentRegion = English;
			hasScannedForEncodings = 0;
			knownRegions = (
				en,
				Base,
			);
			mainGroup = C4F5AB1E1CBDEE0200906324;
			productRefGroup = C4F5AB281CBDEE0200906324 /* Products */;
			projectDirPath = "";
			projectRoot = "";
			targets = (
				C4F5AB261CBDEE0200906324 /* XCCollated-iOS */,
				C4F5AB3F1CBDEE0200906324 /* XCCollated-iOSTests */,
				C4F5AB4A1CBDEE0200906324 /* XCCollated-iOSUITests */,
			);
		};
/* End PBXProject section */

/* Begin PBXResourcesBuildPhase section */
		C4F5AB251CBDEE0200906324 /* Resources */ = {
			isa = PBXResourcesBuildPhase;
			buildActionMask = 2147483647;
			files = (
				C4F5AB3A1CBDEE0200906324 /* LaunchScreen.storyboard in Resources */,
				C4F5AB371CBDEE0200906324 /* Assets.xcassets in Resources */,
				C4F5AB351CBDEE0200906324 /* Main.storyboard in Resources */,
				C4534B0C1CBF686A001C5EDD /* ownerAuth_page3_img@3x.png in Resources */,
				C4534B0D1CBF686A001C5EDD /* ownerAuthbg@3x.png in Resources */,
				C4534B0B1CBF686A001C5EDD /* ownerAuth_page3_img@2x.png in Resources */,
			);
			runOnlyForDeploymentPostprocessing = 0;
		};
		C4F5AB3E1CBDEE0200906324 /* Resources */ = {
			isa = PBXResourcesBuildPhase;
			buildActionMask = 2147483647;
			files = (
			);
			runOnlyForDeploymentPostprocessing = 0;
		};
		C4F5AB491CBDEE0200906324 /* Resources */ = {
			isa = PBXResourcesBuildPhase;
			buildActionMask = 2147483647;
			files = (
			);
			runOnlyForDeploymentPostprocessing = 0;
		};
/* End PBXResourcesBuildPhase section */

/* Begin PBXShellScriptBuildPhase section */
		0DDDD2FEE3B33BAAEEE1EACB /* Copy Pods Resources */ = {
			isa = PBXShellScriptBuildPhase;
			buildActionMask = 2147483647;
			files = (
			);
			inputPaths = (
			);
			name = "Copy Pods Resources";
			outputPaths = (
			);
			runOnlyForDeploymentPostprocessing = 0;
			shellPath = /bin/sh;
			shellScript = "\"${SRCROOT}/Pods/Target Support Files/Pods/Pods-resources.sh\"\n";
			showEnvVarsInLog = 0;
		};
		168EAB4C15096BAC809F4B28 /* Embed Pods Frameworks */ = {
			isa = PBXShellScriptBuildPhase;
			buildActionMask = 2147483647;
			files = (
			);
			inputPaths = (
			);
			name = "Embed Pods Frameworks";
			outputPaths = (
			);
			runOnlyForDeploymentPostprocessing = 0;
			shellPath = /bin/sh;
			shellScript = "\"${SRCROOT}/Pods/Target Support Files/Pods/Pods-frameworks.sh\"\n";
			showEnvVarsInLog = 0;
		};
		AD257C781205714790298CD0 /* Check Pods Manifest.lock */ = {
			isa = PBXShellScriptBuildPhase;
			buildActionMask = 2147483647;
			files = (
			);
			inputPaths = (
			);
			name = "Check Pods Manifest.lock";
			outputPaths = (
			);
			runOnlyForDeploymentPostprocessing = 0;
			shellPath = /bin/sh;
			shellScript = "diff \"${PODS_ROOT}/../Podfile.lock\" \"${PODS_ROOT}/Manifest.lock\" > /dev/null\nif [[ $? != 0 ]] ; then\n    cat << EOM\nerror: The sandbox is not in sync with the Podfile.lock. Run 'pod install' or update your CocoaPods installation.\nEOM\n    exit 1\nfi\n";
			showEnvVarsInLog = 0;
		};
/* End PBXShellScriptBuildPhase section */

/* Begin PBXSourcesBuildPhase section */
		C4F5AB231CBDEE0200906324 /* Sources */ = {
			isa = PBXSourcesBuildPhase;
			buildActionMask = 2147483647;
			files = (
				C4534B031CBF6598001C5EDD /* XCTableView.m in Sources */,
				C4F5AB321CBDEE0200906324 /* ViewController.m in Sources */,
				C4F5AB651CBE207E00906324 /* XCPickerView.m in Sources */,
				C4F5AB2F1CBDEE0200906324 /* AppDelegate.m in Sources */,
				C4534B061CBF6709001C5EDD /* XCTableViewController.m in Sources */,
				C4F5AB2C1CBDEE0200906324 /* main.m in Sources */,
				C4534B021CBF6598001C5EDD /* UIScrollView+EmptyDataSet.m in Sources */,
				C4F5AB601CBE1F5600906324 /* XCPickerViewController.m in Sources */,
			);
			runOnlyForDeploymentPostprocessing = 0;
		};
		C4F5AB3C1CBDEE0200906324 /* Sources */ = {
			isa = PBXSourcesBuildPhase;
			buildActionMask = 2147483647;
			files = (
				C4F5AB451CBDEE0200906324 /* XCCollated_iOSTests.m in Sources */,
			);
			runOnlyForDeploymentPostprocessing = 0;
		};
		C4F5AB471CBDEE0200906324 /* Sources */ = {
			isa = PBXSourcesBuildPhase;
			buildActionMask = 2147483647;
			files = (
				C4F5AB501CBDEE0200906324 /* XCCollated_iOSUITests.m in Sources */,
			);
			runOnlyForDeploymentPostprocessing = 0;
		};
/* End PBXSourcesBuildPhase section */

/* Begin PBXTargetDependency section */
		C4F5AB421CBDEE0200906324 /* PBXTargetDependency */ = {
			isa = PBXTargetDependency;
			target = C4F5AB261CBDEE0200906324 /* XCCollated-iOS */;
			targetProxy = C4F5AB411CBDEE0200906324 /* PBXContainerItemProxy */;
		};
		C4F5AB4D1CBDEE0200906324 /* PBXTargetDependency */ = {
			isa = PBXTargetDependency;
			target = C4F5AB261CBDEE0200906324 /* XCCollated-iOS */;
			targetProxy = C4F5AB4C1CBDEE0200906324 /* PBXContainerItemProxy */;
		};
/* End PBXTargetDependency section */

/* Begin PBXVariantGroup section */
		C4F5AB331CBDEE0200906324 /* Main.storyboard */ = {
			isa = PBXVariantGroup;
			children = (
				C4F5AB341CBDEE0200906324 /* Base */,
			);
			name = Main.storyboard;
			sourceTree = "<group>";
		};
		C4F5AB381CBDEE0200906324 /* LaunchScreen.storyboard */ = {
			isa = PBXVariantGroup;
			children = (
				C4F5AB391CBDEE0200906324 /* Base */,
			);
			name = LaunchScreen.storyboard;
			sourceTree = "<group>";
		};
/* End PBXVariantGroup section */

/* Begin XCBuildConfiguration section */
		C4F5AB521CBDEE0200906324 /* Debug */ = {
			isa = XCBuildConfiguration;
			buildSettings = {
				ALWAYS_SEARCH_USER_PATHS = NO;
				CLANG_ANALYZER_NONNULL = YES;
				CLANG_CXX_LANGUAGE_STANDARD = "gnu++0x";
				CLANG_CXX_LIBRARY = "libc++";
				CLANG_ENABLE_MODULES = YES;
				CLANG_ENABLE_OBJC_ARC = YES;
				CLANG_WARN_BOOL_CONVERSION = YES;
				CLANG_WARN_CONSTANT_CONVERSION = YES;
				CLANG_WARN_DIRECT_OBJC_ISA_USAGE = YES_ERROR;
				CLANG_WARN_EMPTY_BODY = YES;
				CLANG_WARN_ENUM_CONVERSION = YES;
				CLANG_WARN_INT_CONVERSION = YES;
				CLANG_WARN_OBJC_ROOT_CLASS = YES_ERROR;
				CLANG_WARN_UNREACHABLE_CODE = YES;
				CLANG_WARN__DUPLICATE_METHOD_MATCH = YES;
				"CODE_SIGN_IDENTITY[sdk=iphoneos*]" = "iPhone Developer";
				COPY_PHASE_STRIP = NO;
				DEBUG_INFORMATION_FORMAT = dwarf;
				ENABLE_STRICT_OBJC_MSGSEND = YES;
				ENABLE_TESTABILITY = YES;
				GCC_C_LANGUAGE_STANDARD = gnu99;
				GCC_DYNAMIC_NO_PIC = NO;
				GCC_NO_COMMON_BLOCKS = YES;
				GCC_OPTIMIZATION_LEVEL = 0;
				GCC_PREPROCESSOR_DEFINITIONS = (
					"DEBUG=1",
					"$(inherited)",
				);
				GCC_WARN_64_TO_32_BIT_CONVERSION = YES;
				GCC_WARN_ABOUT_RETURN_TYPE = YES_ERROR;
				GCC_WARN_UNDECLARED_SELECTOR = YES;
				GCC_WARN_UNINITIALIZED_AUTOS = YES_AGGRESSIVE;
				GCC_WARN_UNUSED_FUNCTION = YES;
				GCC_WARN_UNUSED_VARIABLE = YES;
				IPHONEOS_DEPLOYMENT_TARGET = 9.3;
				MTL_ENABLE_DEBUG_INFO = YES;
				ONLY_ACTIVE_ARCH = YES;
				SDKROOT = iphoneos;
				TARGETED_DEVICE_FAMILY = "1,2";
			};
			name = Debug;
		};
		C4F5AB531CBDEE0200906324 /* Release */ = {
			isa = XCBuildConfiguration;
			buildSettings = {
				ALWAYS_SEARCH_USER_PATHS = NO;
				CLANG_ANALYZER_NONNULL = YES;
				CLANG_CXX_LANGUAGE_STANDARD = "gnu++0x";
				CLANG_CXX_LIBRARY = "libc++";
				CLANG_ENABLE_MODULES = YES;
				CLANG_ENABLE_OBJC_ARC = YES;
				CLANG_WARN_BOOL_CONVERSION = YES;
				CLANG_WARN_CONSTANT_CONVERSION = YES;
				CLANG_WARN_DIRECT_OBJC_ISA_USAGE = YES_ERROR;
				CLANG_WARN_EMPTY_BODY = YES;
				CLANG_WARN_ENUM_CONVERSION = YES;
				CLANG_WARN_INT_CONVERSION = YES;
				CLANG_WARN_OBJC_ROOT_CLASS = YES_ERROR;
				CLANG_WARN_UNREACHABLE_CODE = YES;
				CLANG_WARN__DUPLICATE_METHOD_MATCH = YES;
				"CODE_SIGN_IDENTITY[sdk=iphoneos*]" = "iPhone Developer";
				COPY_PHASE_STRIP = NO;
				DEBUG_INFORMATION_FORMAT = "dwarf-with-dsym";
				ENABLE_NS_ASSERTIONS = NO;
				ENABLE_STRICT_OBJC_MSGSEND = YES;
				GCC_C_LANGUAGE_STANDARD = gnu99;
				GCC_NO_COMMON_BLOCKS = YES;
				GCC_WARN_64_TO_32_BIT_CONVERSION = YES;
				GCC_WARN_ABOUT_RETURN_TYPE = YES_ERROR;
				GCC_WARN_UNDECLARED_SELECTOR = YES;
				GCC_WARN_UNINITIALIZED_AUTOS = YES_AGGRESSIVE;
				GCC_WARN_UNUSED_FUNCTION = YES;
				GCC_WARN_UNUSED_VARIABLE = YES;
				IPHONEOS_DEPLOYMENT_TARGET = 9.3;
				MTL_ENABLE_DEBUG_INFO = NO;
				SDKROOT = iphoneos;
				TARGETED_DEVICE_FAMILY = "1,2";
				VALIDATE_PRODUCT = YES;
			};
			name = Release;
		};
		C4F5AB551CBDEE0200906324 /* Debug */ = {
			isa = XCBuildConfiguration;
			baseConfigurationReference = 57929E57E461F2BFEBA823AF /* Pods.debug.xcconfig */;
			buildSettings = {
				ASSETCATALOG_COMPILER_APPICON_NAME = AppIcon;
				GCC_PRECOMPILE_PREFIX_HEADER = YES;
				GCC_PREFIX_HEADER = "$(SRCROOT)/XCCollated-iOS/Tools/XCHeader.h";
				INFOPLIST_FILE = "XCCollated-iOS/Info.plist";
				LD_RUNPATH_SEARCH_PATHS = "$(inherited) @executable_path/Frameworks";
				PRODUCT_BUNDLE_IDENTIFIER = "Leco.Chao.XCCollated-iOS";
				PRODUCT_NAME = "$(TARGET_NAME)";
			};
			name = Debug;
		};
		C4F5AB561CBDEE0200906324 /* Release */ = {
			isa = XCBuildConfiguration;
			baseConfigurationReference = 5E4D187D329AC3E92B71A84E /* Pods.release.xcconfig */;
			buildSettings = {
				ASSETCATALOG_COMPILER_APPICON_NAME = AppIcon;
				GCC_PRECOMPILE_PREFIX_HEADER = YES;
				GCC_PREFIX_HEADER = "$(SRCROOT)/XCCollated-iOS/Tools/XCHeader.h";
				INFOPLIST_FILE = "XCCollated-iOS/Info.plist";
				LD_RUNPATH_SEARCH_PATHS = "$(inherited) @executable_path/Frameworks";
				PRODUCT_BUNDLE_IDENTIFIER = "Leco.Chao.XCCollated-iOS";
				PRODUCT_NAME = "$(TARGET_NAME)";
			};
			name = Release;
		};
		C4F5AB581CBDEE0200906324 /* Debug */ = {
			isa = XCBuildConfiguration;
			buildSettings = {
				BUNDLE_LOADER = "$(TEST_HOST)";
				INFOPLIST_FILE = "XCCollated-iOSTests/Info.plist";
				LD_RUNPATH_SEARCH_PATHS = "$(inherited) @executable_path/Frameworks @loader_path/Frameworks";
				PRODUCT_BUNDLE_IDENTIFIER = "Leco.Chao.XCCollated-iOSTests";
				PRODUCT_NAME = "$(TARGET_NAME)";
				TEST_HOST = "$(BUILT_PRODUCTS_DIR)/XCCollated-iOS.app/XCCollated-iOS";
			};
			name = Debug;
		};
		C4F5AB591CBDEE0200906324 /* Release */ = {
			isa = XCBuildConfiguration;
			buildSettings = {
				BUNDLE_LOADER = "$(TEST_HOST)";
				INFOPLIST_FILE = "XCCollated-iOSTests/Info.plist";
				LD_RUNPATH_SEARCH_PATHS = "$(inherited) @executable_path/Frameworks @loader_path/Frameworks";
				PRODUCT_BUNDLE_IDENTIFIER = "Leco.Chao.XCCollated-iOSTests";
				PRODUCT_NAME = "$(TARGET_NAME)";
				TEST_HOST = "$(BUILT_PRODUCTS_DIR)/XCCollated-iOS.app/XCCollated-iOS";
			};
			name = Release;
		};
		C4F5AB5B1CBDEE0200906324 /* Debug */ = {
			isa = XCBuildConfiguration;
			buildSettings = {
				INFOPLIST_FILE = "XCCollated-iOSUITests/Info.plist";
				LD_RUNPATH_SEARCH_PATHS = "$(inherited) @executable_path/Frameworks @loader_path/Frameworks";
				PRODUCT_BUNDLE_IDENTIFIER = "Leco.Chao.XCCollated-iOSUITests";
				PRODUCT_NAME = "$(TARGET_NAME)";
				TEST_TARGET_NAME = "XCCollated-iOS";
			};
			name = Debug;
		};
		C4F5AB5C1CBDEE0200906324 /* Release */ = {
			isa = XCBuildConfiguration;
			buildSettings = {
				INFOPLIST_FILE = "XCCollated-iOSUITests/Info.plist";
				LD_RUNPATH_SEARCH_PATHS = "$(inherited) @executable_path/Frameworks @loader_path/Frameworks";
				PRODUCT_BUNDLE_IDENTIFIER = "Leco.Chao.XCCollated-iOSUITests";
				PRODUCT_NAME = "$(TARGET_NAME)";
				TEST_TARGET_NAME = "XCCollated-iOS";
			};
			name = Release;
		};
/* End XCBuildConfiguration section */

/* Begin XCConfigurationList section */
		C4F5AB221CBDEE0200906324 /* Build configuration list for PBXProject "XCCollated-iOS" */ = {
			isa = XCConfigurationList;
			buildConfigurations = (
				C4F5AB521CBDEE0200906324 /* Debug */,
				C4F5AB531CBDEE0200906324 /* Release */,
			);
			defaultConfigurationIsVisible = 0;
			defaultConfigurationName = Release;
		};
		C4F5AB541CBDEE0200906324 /* Build configuration list for PBXNativeTarget "XCCollated-iOS" */ = {
			isa = XCConfigurationList;
			buildConfigurations = (
				C4F5AB551CBDEE0200906324 /* Debug */,
				C4F5AB561CBDEE0200906324 /* Release */,
			);
			defaultConfigurationIsVisible = 0;
			defaultConfigurationName = Release;
		};
		C4F5AB571CBDEE0200906324 /* Build configuration list for PBXNativeTarget "XCCollated-iOSTests" */ = {
			isa = XCConfigurationList;
			buildConfigurations = (
				C4F5AB581CBDEE0200906324 /* Debug */,
				C4F5AB591CBDEE0200906324 /* Release */,
			);
			defaultConfigurationIsVisible = 0;
			defaultConfigurationName = Release;
		};
		C4F5AB5A1CBDEE0200906324 /* Build configuration list for PBXNativeTarget "XCCollated-iOSUITests" */ = {
			isa = XCConfigurationList;
			buildConfigurations = (
				C4F5AB5B1CBDEE0200906324 /* Debug */,
				C4F5AB5C1CBDEE0200906324 /* Release */,
			);
			defaultConfigurationIsVisible = 0;
			defaultConfigurationName = Release;
		};
/* End XCConfigurationList section */
	};
	rootObject = C4F5AB1F1CBDEE0200906324 /* Project object */;
}
